
Microsoft Visual Studio Solution File, Format Version 12.00
# Visual Studio Version 17
VisualStudioVersion = 17.14.36414.22 d17.14
MinimumVisualStudioVersion = 10.0.40219.1
Project("{FAE04EC0-301F-11D3-BF4B-00C04F79EFBC}") = "UICourses", "UICourses\UICourses.csproj", "{6EC63D74-CEFC-4E58-B74F-2F72913D32B2}"
EndProject
Project("{FAE04EC0-301F-11D3-BF4B-00C04F79EFBC}") = "ClassesLibr", "ClassesLibr\ClassesLibr.csproj", "{758B811A-46D8-4DAF-BB07-5AE966B08B2C}"
EndProject
Global
	GlobalSection(SolutionConfigurationPlatforms) = preSolution
		Debug|Any CPU = Debug|Any CPU
		Release|Any CPU = Release|Any CPU
	EndGlobalSection
	GlobalSection(ProjectConfigurationPlatforms) = postSolution
		{6EC63D74-CEFC-4E58-B74F-2F72913D32B2}.Debug|Any CPU.ActiveCfg = Debug|Any CPU
		{6EC63D74-CEFC-4E58-B74F-2F72913D32B2}.Debug|Any CPU.Build.0 = Debug|Any CPU
		{6EC63D74-CEFC-4E58-B74F-2F72913D32B2}.Release|Any CPU.ActiveCfg = Release|Any CPU
		{6EC63D74-CEFC-4E58-B74F-2F72913D32B2}.Release|Any CPU.Build.0 = Release|Any CPU
		{758B811A-46D8-4DAF-BB07-5AE966B08B2C}.Debug|Any CPU.ActiveCfg = Debug|Any CPU
		{758B811A-46D8-4DAF-BB07-5AE966B08B2C}.Debug|Any CPU.Build.0 = Debug|Any CPU
		{758B811A-46D8-4DAF-BB07-5AE966B08B2C}.Release|Any CPU.ActiveCfg = Release|Any CPU
		{758B811A-46D8-4DAF-BB07-5AE966B08B2C}.Release|Any CPU.Build.0 = Release|Any CPU
	EndGlobalSection
	GlobalSection(SolutionProperties) = preSolution
		HideSolutionNode = FALSE
	EndGlobalSection
	GlobalSection(ExtensibilityGlobals) = postSolution
		SolutionGuid = {AA8948F8-4E20-4264-9657-1DBA85191F1A}
	EndGlobalSection
EndGlobal
